// !$*UTF8*$!
{
	archiveVersion = 1;
	classes = {
	};
	objectVersion = 46;
	objects = {

/* Begin PBXBuildFile section */
		83611EA71AA7C02D00542700 /* AppDelegate.swift in Sources */ = {isa = PBXBuildFile; fileRef = 83611EA61AA7C02D00542700 /* AppDelegate.swift */; };
		83611EA91AA7C02D00542700 /* ViewController.swift in Sources */ = {isa = PBXBuildFile; fileRef = 83611EA81AA7C02D00542700 /* ViewController.swift */; };
		83611EAC1AA7C02D00542700 /* Main.storyboard in Resources */ = {isa = PBXBuildFile; fileRef = 83611EAA1AA7C02D00542700 /* Main.storyboard */; };
		83611EAE1AA7C02D00542700 /* Images.xcassets in Resources */ = {isa = PBXBuildFile; fileRef = 83611EAD1AA7C02D00542700 /* Images.xcassets */; };
		83611EB11AA7C02D00542700 /* LaunchScreen.xib in Resources */ = {isa = PBXBuildFile; fileRef = 83611EAF1AA7C02D00542700 /* LaunchScreen.xib */; };
		83611EBD1AA7C02D00542700 /* DogAgeTests.swift in Sources */ = {isa = PBXBuildFile; fileRef = 83611EBC1AA7C02D00542700 /* DogAgeTests.swift */; };
		83611EC71AA7C05600542700 /* AgeOfLaika.jpg in Resources */ = {isa = PBXBuildFile; fileRef = 83611EC61AA7C05600542700 /* AgeOfLaika.jpg */; };
/* End PBXBuildFile section */

/* Begin PBXContainerItemProxy section */
		83611EB71AA7C02D00542700 /* PBXContainerItemProxy */ = {
			isa = PBXContainerItemProxy;
			containerPortal = 83611E991AA7C02D00542700 /* Project object */;
			proxyType = 1;
			remoteGlobalIDString = 83611EA01AA7C02D00542700;
			remoteInfo = DogAge;
		};
/* End PBXContainerItemProxy section */

/* Begin PBXFileReference section */
		83611EA11AA7C02D00542700 /* DogAge.app */ = {isa = PBXFileReference; explicitFileType = wrapper.application; includeInIndex = 0; path = DogAge.app; sourceTree = BUILT_PRODUCTS_DIR; };
		83611EA51AA7C02D00542700 /* Info.plist */ = {isa = PBXFileReference; lastKnownFileType = text.plist.xml; path = Info.plist; sourceTree = "<group>"; };
		83611EA61AA7C02D00542700 /* AppDelegate.swift */ = {isa = PBXFileReference; lastKnownFileType = sourcecode.swift; path = AppDelegate.swift; sourceTree = "<group>"; };
		83611EA81AA7C02D00542700 /* ViewController.swift */ = {isa = PBXFileReference; lastKnownFileType = sourcecode.swift; path = ViewController.swift; sourceTree = "<group>"; };
		83611EAB1AA7C02D00542700 /* Base */ = {isa = PBXFileReference; lastKnownFileType = file.storyboard; name = Base; path = Base.lproj/Main.storyboard; sourceTree = "<group>"; };
		83611EAD1AA7C02D00542700 /* Images.xcassets */ = {isa = PBXFileReference; lastKnownFileType = folder.assetcatalog; path = Images.xcassets; sourceTree = "<group>"; };
		83611EB01AA7C02D00542700 /* Base */ = {isa = PBXFileReference; lastKnownFileType = file.xib; name = Base; path = Base.lproj/LaunchScreen.xib; sourceTree = "<group>"; };
		83611EB61AA7C02D00542700 /* DogAgeTests.xctest */ = {isa = PBXFileReference; explicitFileType = wrapper.cfbundle; includeInIndex = 0; path = DogAgeTests.xctest; sourceTree = BUILT_PRODUCTS_DIR; };
		83611EBB1AA7C02D00542700 /* Info.plist */ = {isa = PBXFileReference; lastKnownFileType = text.plist.xml; path = Info.plist; sourceTree = "<group>"; };
		83611EBC1AA7C02D00542700 /* DogAgeTests.swift */ = {isa = PBXFileReference; lastKnownFileType = sourcecode.swift; path = DogAgeTests.swift; sourceTree = "<group>"; };
		83611EC61AA7C05600542700 /* AgeOfLaika.jpg */ = {isa = PBXFileReference; lastKnownFileType = image.jpeg; path = AgeOfLaika.jpg; sourceTree = "<group>"; };
/* End PBXFileReference section */

/* Begin PBXFrameworksBuildPhase section */
		83611E9E1AA7C02D00542700 /* Frameworks */ = {
			isa = PBXFrameworksBuildPhase;
			buildActionMask = 2147483647;
			files = (
			);
			runOnlyForDeploymentPostprocessing = 0;
		};
		83611EB31AA7C02D00542700 /* Frameworks */ = {
			isa = PBXFrameworksBuildPhase;
			buildActionMask = 2147483647;
			files = (
			);
			runOnlyForDeploymentPostprocessing = 0;
		};
/* End PBXFrameworksBuildPhase section */

/* Begin PBXGroup section */
		83611E981AA7C02D00542700 = {
			isa = PBXGroup;
			children = (
				83611EA31AA7C02D00542700 /* DogAge */,
				83611EB91AA7C02D00542700 /* DogAgeTests */,
				83611EA21AA7C02D00542700 /* Products */,
			);
			sourceTree = "<group>";
		};
		83611EA21AA7C02D00542700 /* Products */ = {
			isa = PBXGroup;
			children = (
				83611EA11AA7C02D00542700 /* DogAge.app */,
				83611EB61AA7C02D00542700 /* DogAgeTests.xctest */,
			);
			name = Products;
			sourceTree = "<group>";
		};
		83611EA31AA7C02D00542700 /* DogAge */ = {
			isa = PBXGroup;
			children = (
				83611EA61AA7C02D00542700 /* AppDelegate.swift */,
				83611EA81AA7C02D00542700 /* ViewController.swift */,
				83611EAA1AA7C02D00542700 /* Main.storyboard */,
				83611EAD1AA7C02D00542700 /* Images.xcassets */,
				83611EAF1AA7C02D00542700 /* LaunchScreen.xib */,
				83611EA41AA7C02D00542700 /* Supporting Files */,
			);
			path = DogAge;
			sourceTree = "<group>";
		};
		83611EA41AA7C02D00542700 /* Supporting Files */ = {
			isa = PBXGroup;
			children = (
				83611EC61AA7C05600542700 /* AgeOfLaika.jpg */,
				83611EA51AA7C02D00542700 /* Info.plist */,
			);
			name = "Supporting Files";
			sourceTree = "<group>";
		};
		83611EB91AA7C02D00542700 /* DogAgeTests */ = {
			isa = PBXGroup;
			children = (
				83611EBC1AA7C02D00542700 /* DogAgeTests.swift */,
				83611EBA1AA7C02D00542700 /* Supporting Files */,
			);
			path = DogAgeTests;
			sourceTree = "<group>";
		};
		83611EBA1AA7C02D00542700 /* Supporting Files */ = {
			isa = PBXGroup;
			children = (
				83611EBB1AA7C02D00542700 /* Info.plist */,
			);
			name = "Supporting Files";
			sourceTree = "<group>";
		};
/* End PBXGroup section */

/* Begin PBXNativeTarget section */
		83611EA01AA7C02D00542700 /* DogAge */ = {
			isa = PBXNativeTarget;
			buildConfigurationList = 83611EC01AA7C02D00542700 /* Build configuration list for PBXNativeTarget "DogAge" */;
			buildPhases = (
				83611E9D1AA7C02D00542700 /* Sources */,
				83611E9E1AA7C02D00542700 /* Frameworks */,
				83611E9F1AA7C02D00542700 /* Resources */,
			);
			buildRules = (
			);
			dependencies = (
			);
			name = DogAge;
			productName = DogAge;
			productReference = 83611EA11AA7C02D00542700 /* DogAge.app */;
			productType = "com.apple.product-type.application";
		};
		83611EB51AA7C02D00542700 /* DogAgeTests */ = {
			isa = PBXNativeTarget;
			buildConfigurationList = 83611EC31AA7C02D00542700 /* Build configuration list for PBXNativeTarget "DogAgeTests" */;
			buildPhases = (
				83611EB21AA7C02D00542700 /* Sources */,
				83611EB31AA7C02D00542700 /* Frameworks */,
				83611EB41AA7C02D00542700 /* Resources */,
			);
			buildRules = (
			);
			dependencies = (
				83611EB81AA7C02D00542700 /* PBXTargetDependency */,
			);
			name = DogAgeTests;
			productName = DogAgeTests;
			productReference = 83611EB61AA7C02D00542700 /* DogAgeTests.xctest */;
			productType = "com.apple.product-type.bundle.unit-test";
		};
/* End PBXNativeTarget section */

/* Begin PBXProject section */
		83611E991AA7C02D00542700 /* Project object */ = {
			isa = PBXProject;
			attributes = {
				LastUpgradeCheck = 0610;
				ORGANIZATIONNAME = "Portia Dean";
				TargetAttributes = {
					83611EA01AA7C02D00542700 = {
						CreatedOnToolsVersion = 6.1.1;
					};
					83611EB51AA7C02D00542700 = {
						CreatedOnToolsVersion = 6.1.1;
						TestTargetID = 83611EA01AA7C02D00542700;
					};
				};
			};
			buildConfigurationList = 83611E9C1AA7C02D00542700 /* Build configuration list for PBXProject "DogAge" */;
			compatibilityVersion = "Xcode 3.2";
			developmentRegion = English;
			hasScannedForEncodings = 0;
			knownRegions = (
				en,
				Base,
			);
			mainGroup = 83611E981AA7C02D00542700;
			productRefGroup = 83611EA21AA7C02D00542700 /* Products */;
			projectDirPath = "";
			projectRoot = "";
			targets = (
				83611EA01AA7C02D00542700 /* DogAge */,
				83611EB51AA7C02D00542700 /* DogAgeTests */,
			);
		};
/* End PBXProject section */

/* Begin PBXResourcesBuildPhase section */
		83611E9F1AA7C02D00542700 /* Resources */ = {
			isa = PBXResourcesBuildPhase;
			buildActionMask = 2147483647;
			files = (
				83611EAC1AA7C02D00542700 /* Main.storyboard in Resources */,
				83611EC71AA7C05600542700 /* AgeOfLaika.jpg in Resources */,
				83611EB11AA7C02D00542700 /* LaunchScreen.xib in Resources */,
				83611EAE1AA7C02D00542700 /* Images.xcassets in Resources */,
			);
			runOnlyForDeploymentPostprocessing = 0;
		};
		83611EB41AA7C02D00542700 /* Resources */ = {
			isa = PBXResourcesBuildPhase;
			buildActionMask = 2147483647;
			files = (
			);
			runOnlyForDeploymentPostprocessing = 0;
		};
/* End PBXResourcesBuildPhase section */

/* Begin PBXSourcesBuildPhase section */
		83611E9D1AA7C02D00542700 /* Sources */ = {
			isa = PBXSourcesBuildPhase;
			buildActionMask = 2147483647;
			files = (
				83611EA91AA7C02D00542700 /* ViewController.swift in Sources */,
				83611EA71AA7C02D00542700 /* AppDelegate.swift in Sources */,
			);
			runOnlyForDeploymentPostprocessing = 0;
		};
		83611EB21AA7C02D00542700 /* Sources */ = {
			isa = PBXSourcesBuildPhase;
			buildActionMask = 2147483647;
			files = (
				83611EBD1AA7C02D00542700 /* DogAgeTests.swift in Sources */,
			);
			runOnlyForDeploymentPostprocessing = 0;
		};
/* End PBXSourcesBuildPhase section */

/* Begin PBXTargetDependency section */
		83611EB81AA7C02D00542700 /* PBXTargetDependency */ = {
			isa = PBXTargetDependency;
			target = 83611EA01AA7C02D00542700 /* DogAge */;
			targetProxy = 83611EB71AA7C02D00542700 /* PBXContainerItemProxy */;
		};
/* End PBXTargetDependency section */

/* Begin PBXVariantGroup section */
		83611EAA1AA7C02D00542700 /* Main.storyboard */ = {
			isa = PBXVariantGroup;
			children = (
				83611EAB1AA7C02D00542700 /* Base */,
			);
			name = Main.storyboard;
			sourceTree = "<group>";
		};
		83611EAF1AA7C02D00542700 /* LaunchScreen.xib */ = {
			isa = PBXVariantGroup;
			children = (
				83611EB01AA7C02D00542700 /* Base */,
			);
			name = LaunchScreen.xib;
			sourceTree = "<group>";
		};
/* End PBXVariantGroup section */

/* Begin XCBuildConfiguration section */
		83611EBE1AA7C02D00542700 /* Debug */ = {
			isa = XCBuildConfiguration;
			buildSettings = {
				ALWAYS_SEARCH_USER_PATHS = NO;
				CLANG_CXX_LANGUAGE_STANDARD = "gnu++0x";
				CLANG_CXX_LIBRARY = "libc++";
				CLANG_ENABLE_MODULES = YES;
				CLANG_ENABLE_OBJC_ARC = YES;
				CLANG_WARN_BOOL_CONVERSION = YES;
				CLANG_WARN_CONSTANT_CONVERSION = YES;
				CLANG_WARN_DIRECT_OBJC_ISA_USAGE = YES_ERROR;
				CLANG_WARN_EMPTY_BODY = YES;
				CLANG_WARN_ENUM_CONVERSION = YES;
				CLANG_WARN_INT_CONVERSION = YES;
				CLANG_WARN_OBJC_ROOT_CLASS = YES_ERROR;
				CLANG_WARN_UNREACHABLE_CODE = YES;
				CLANG_WARN__DUPLICATE_METHOD_MATCH = YES;
				"CODE_SIGN_IDENTITY[sdk=iphoneos*]" = "iPhone Developer";
				COPY_PHASE_STRIP = NO;
				ENABLE_STRICT_OBJC_MSGSEND = YES;
				GCC_C_LANGUAGE_STANDARD = gnu99;
				GCC_DYNAMIC_NO_PIC = NO;
				GCC_OPTIMIZATION_LEVEL = 0;
				GCC_PREPROCESSOR_DEFINITIONS = (
					"DEBUG=1",
					"$(inherited)",
				);
				GCC_SYMBOLS_PRIVATE_EXTERN = NO;
				GCC_WARN_64_TO_32_BIT_CONVERSION = YES;
				GCC_WARN_ABOUT_RETURN_TYPE = YES_ERROR;
				GCC_WARN_UNDECLARED_SELECTOR = YES;
				GCC_WARN_UNINITIALIZED_AUTOS = YES_AGGRESSIVE;
				GCC_WARN_UNUSED_FUNCTION = YES;
				GCC_WARN_UNUSED_VARIABLE = YES;
				IPHONEOS_DEPLOYMENT_TARGET = 8.1;
				MTL_ENABLE_DEBUG_INFO = YES;
				ONLY_ACTIVE_ARCH = YES;
				SDKROOT = iphoneos;
				SWIFT_OPTIMIZATION_LEVEL = "-Onone";
				TARGETED_DEVICE_FAMILY = "1,2";
			};
			name = Debug;
		};
		83611EBF1AA7C02D00542700 /* Release */ = {
			isa = XCBuildConfiguration;
			buildSettings = {
				ALWAYS_SEARCH_USER_PATHS = NO;
				CLANG_CXX_LANGUAGE_STANDARD = "gnu++0x";
				CLANG_CXX_LIBRARY = "libc++";
				CLANG_ENABLE_MODULES = YES;
				CLANG_ENABLE_OBJC_ARC = YES;
				CLANG_WARN_BOOL_CONVERSION = YES;
				CLANG_WARN_CONSTANT_CONVERSION = YES;
				CLANG_WARN_DIRECT_OBJC_ISA_USAGE = YES_ERROR;
				CLANG_WARN_EMPTY_BODY = YES;
				CLANG_WARN_ENUM_CONVERSION = YES;
				CLANG_WARN_INT_CONVERSION = YES;
				CLANG_WARN_OBJC_ROOT_CLASS = YES_ERROR;
				CLANG_WARN_UNREACHABLE_CODE = YES;
				CLANG_WARN__DUPLICATE_METHOD_MATCH = YES;
				"CODE_SIGN_IDENTITY[sdk=iphoneos*]" = "iPhone Developer";
				COPY_PHASE_STRIP = YES;
				ENABLE_NS_ASSERTIONS = NO;
				ENABLE_STRICT_OBJC_MSGSEND = YES;
				GCC_C_LANGUAGE_STANDARD = gnu99;
				GCC_WARN_64_TO_32_BIT_CONVERSION = YES;
				GCC_WARN_ABOUT_RETURN_TYPE = YES_ERROR;
				GCC_WARN_UNDECLARED_SELECTOR = YES;
				GCC_WARN_UNINITIALIZED_AUTOS = YES_AGGRESSIVE;
				GCC_WARN_UNUSED_FUNCTION = YES;
				GCC_WARN_UNUSED_VARIABLE = YES;
				IPHONEOS_DEPLOYMENT_TARGET = 8.1;
				MTL_ENABLE_DEBUG_INFO = NO;
				SDKROOT = iphoneos;
				TARGETED_DEVICE_FAMILY = "1,2";
				VALIDATE_PRODUCT = YES;
			};
			name = Release;
		};
		83611EC11AA7C02D00542700 /* Debug */ = {
			isa = XCBuildConfiguration;
			buildSettings = {
				ASSETCATALOG_COMPILER_APPICON_NAME = AppIcon;
				INFOPLIST_FILE = DogAge/Info.plist;
				LD_RUNPATH_SEARCH_PATHS = "$(inherited) @executable_path/Frameworks";
				PRODUCT_NAME = "$(TARGET_NAME)";
			};
			name = Debug;
		};
		83611EC21AA7C02D00542700 /* Release */ = {
			isa = XCBuildConfiguration;
			buildSettings = {
				ASSETCATALOG_COMPILER_APPICON_NAME = AppIcon;
				INFOPLIST_FILE = DogAge/Info.plist;
				LD_RUNPATH_SEARCH_PATHS = "$(inherited) @executable_path/Frameworks";
				PRODUCT_NAME = "$(TARGET_NAME)";
			};
			name = Release;
		};
		83611EC41AA7C02D00542700 /* Debug */ = {
			isa = XCBuildConfiguration;
			buildSettings = {
				BUNDLE_LOADER = "$(TEST_HOST)";
				FRAMEWORK_SEARCH_PATHS = (
					"$(SDKROOT)/Developer/Library/Frameworks",
					"$(inherited)",
				);
				GCC_PREPROCESSOR_DEFINITIONS = (
					"DEBUG=1",
					"$(inherited)",
				);
				INFOPLIST_FILE = DogAgeTests/Info.plist;
				LD_RUNPATH_SEARCH_PATHS = "$(inherited) @executable_path/Frameworks @loader_path/Frameworks";
				PRODUCT_NAME = "$(TARGET_NAME)";
				TEST_HOST = "$(BUILT_PRODUCTS_DIR)/DogAge.app/DogAge";
			};
			name = Debug;
		};
		83611EC51AA7C02D00542700 /* Release */ = {
			isa = XCBuildConfiguration;
			buildSettings = {
				BUNDLE_LOADER = "$(TEST_HOST)";
				FRAMEWORK_SEARCH_PATHS = (
					"$(SDKROOT)/Developer/Library/Frameworks",
					"$(inherited)",
				);
				INFOPLIST_FILE = DogAgeTests/Info.plist;
				LD_RUNPATH_SEARCH_PATHS = "$(inherited) @executable_path/Frameworks @loader_path/Frameworks";
				PRODUCT_NAME = "$(TARGET_NAME)";
				TEST_HOST = "$(BUILT_PRODUCTS_DIR)/DogAge.app/DogAge";
			};
			name = Release;
		};
/* End XCBuildConfiguration section */

/* Begin XCConfigurationList section */
		83611E9C1AA7C02D00542700 /* Build configuration list for PBXProject "DogAge" */ = {
			isa = XCConfigurationList;
			buildConfigurations = (
				83611EBE1AA7C02D00542700 /* Debug */,
				83611EBF1AA7C02D00542700 /* Release */,
			);
			defaultConfigurationIsVisible = 0;
			defaultConfigurationName = Release;
		};
		83611EC01AA7C02D00542700 /* Build configuration list for PBXNativeTarget "DogAge" */ = {
			isa = XCConfigurationList;
			buildConfigurations = (
				83611EC11AA7C02D00542700 /* Debug */,
				83611EC21AA7C02D00542700 /* Release */,
			);
			defaultConfigurationIsVisible = 0;
		};
		83611EC31AA7C02D00542700 /* Build configuration list for PBXNativeTarget "DogAgeTests" */ = {
			isa = XCConfigurationList;
			buildConfigurations = (
				83611EC41AA7C02D00542700 /* Debug */,
				83611EC51AA7C02D00542700 /* Release */,
			);
			defaultConfigurationIsVisible = 0;
		};
/* End XCConfigurationList section */
	};
	rootObject = 83611E991AA7C02D00542700 /* Project object */;
}
