// !$*UTF8*$!
{
	archiveVersion = 1;
	classes = {
	};
	objectVersion = 46;
	objects = {

/* Begin PBXBuildFile section */
		83395F151B127D5B0055A21C /* AppDelegate.swift in Sources */ = {isa = PBXBuildFile; fileRef = 83395F141B127D5B0055A21C /* AppDelegate.swift */; };
		83395F1A1B127D5B0055A21C /* Main.storyboard in Resources */ = {isa = PBXBuildFile; fileRef = 83395F181B127D5B0055A21C /* Main.storyboard */; };
		83395F1C1B127D5B0055A21C /* Images.xcassets in Resources */ = {isa = PBXBuildFile; fileRef = 83395F1B1B127D5B0055A21C /* Images.xcassets */; };
		83395F1F1B127D5B0055A21C /* LaunchScreen.xib in Resources */ = {isa = PBXBuildFile; fileRef = 83395F1D1B127D5B0055A21C /* LaunchScreen.xib */; };
		83395F2B1B127D5B0055A21C /* LoginProjectTests.swift in Sources */ = {isa = PBXBuildFile; fileRef = 83395F2A1B127D5B0055A21C /* LoginProjectTests.swift */; };
		83395F351B127DF70055A21C /* LoginViewController.swift in Sources */ = {isa = PBXBuildFile; fileRef = 83395F341B127DF70055A21C /* LoginViewController.swift */; };
		83395F371B127E070055A21C /* CreateAccountViewController.swift in Sources */ = {isa = PBXBuildFile; fileRef = 83395F361B127E070055A21C /* CreateAccountViewController.swift */; };
		83395F391B127E120055A21C /* MainViewController.swift in Sources */ = {isa = PBXBuildFile; fileRef = 83395F381B127E120055A21C /* MainViewController.swift */; };
/* End PBXBuildFile section */

/* Begin PBXContainerItemProxy section */
		83395F251B127D5B0055A21C /* PBXContainerItemProxy */ = {
			isa = PBXContainerItemProxy;
			containerPortal = 83395F071B127D5B0055A21C /* Project object */;
			proxyType = 1;
			remoteGlobalIDString = 83395F0E1B127D5B0055A21C;
			remoteInfo = LoginProject;
		};
/* End PBXContainerItemProxy section */

/* Begin PBXFileReference section */
		83395F0F1B127D5B0055A21C /* LoginProject.app */ = {isa = PBXFileReference; explicitFileType = wrapper.application; includeInIndex = 0; path = LoginProject.app; sourceTree = BUILT_PRODUCTS_DIR; };
		83395F131B127D5B0055A21C /* Info.plist */ = {isa = PBXFileReference; lastKnownFileType = text.plist.xml; path = Info.plist; sourceTree = "<group>"; };
		83395F141B127D5B0055A21C /* AppDelegate.swift */ = {isa = PBXFileReference; lastKnownFileType = sourcecode.swift; path = AppDelegate.swift; sourceTree = "<group>"; };
		83395F191B127D5B0055A21C /* Base */ = {isa = PBXFileReference; lastKnownFileType = file.storyboard; name = Base; path = Base.lproj/Main.storyboard; sourceTree = "<group>"; };
		83395F1B1B127D5B0055A21C /* Images.xcassets */ = {isa = PBXFileReference; lastKnownFileType = folder.assetcatalog; path = Images.xcassets; sourceTree = "<group>"; };
		83395F1E1B127D5B0055A21C /* Base */ = {isa = PBXFileReference; lastKnownFileType = file.xib; name = Base; path = Base.lproj/LaunchScreen.xib; sourceTree = "<group>"; };
		83395F241B127D5B0055A21C /* LoginProjectTests.xctest */ = {isa = PBXFileReference; explicitFileType = wrapper.cfbundle; includeInIndex = 0; path = LoginProjectTests.xctest; sourceTree = BUILT_PRODUCTS_DIR; };
		83395F291B127D5B0055A21C /* Info.plist */ = {isa = PBXFileReference; lastKnownFileType = text.plist.xml; path = Info.plist; sourceTree = "<group>"; };
		83395F2A1B127D5B0055A21C /* LoginProjectTests.swift */ = {isa = PBXFileReference; lastKnownFileType = sourcecode.swift; path = LoginProjectTests.swift; sourceTree = "<group>"; };
		83395F341B127DF70055A21C /* LoginViewController.swift */ = {isa = PBXFileReference; fileEncoding = 4; lastKnownFileType = sourcecode.swift; path = LoginViewController.swift; sourceTree = "<group>"; };
		83395F361B127E070055A21C /* CreateAccountViewController.swift */ = {isa = PBXFileReference; fileEncoding = 4; lastKnownFileType = sourcecode.swift; path = CreateAccountViewController.swift; sourceTree = "<group>"; };
		83395F381B127E120055A21C /* MainViewController.swift */ = {isa = PBXFileReference; fileEncoding = 4; lastKnownFileType = sourcecode.swift; path = MainViewController.swift; sourceTree = "<group>"; };
/* End PBXFileReference section */

/* Begin PBXFrameworksBuildPhase section */
		83395F0C1B127D5B0055A21C /* Frameworks */ = {
			isa = PBXFrameworksBuildPhase;
			buildActionMask = 2147483647;
			files = (
			);
			runOnlyForDeploymentPostprocessing = 0;
		};
		83395F211B127D5B0055A21C /* Frameworks */ = {
			isa = PBXFrameworksBuildPhase;
			buildActionMask = 2147483647;
			files = (
			);
			runOnlyForDeploymentPostprocessing = 0;
		};
/* End PBXFrameworksBuildPhase section */

/* Begin PBXGroup section */
		83395F061B127D5B0055A21C = {
			isa = PBXGroup;
			children = (
				83395F111B127D5B0055A21C /* LoginProject */,
				83395F271B127D5B0055A21C /* LoginProjectTests */,
				83395F101B127D5B0055A21C /* Products */,
			);
			sourceTree = "<group>";
		};
		83395F101B127D5B0055A21C /* Products */ = {
			isa = PBXGroup;
			children = (
				83395F0F1B127D5B0055A21C /* LoginProject.app */,
				83395F241B127D5B0055A21C /* LoginProjectTests.xctest */,
			);
			name = Products;
			sourceTree = "<group>";
		};
		83395F111B127D5B0055A21C /* LoginProject */ = {
			isa = PBXGroup;
			children = (
				83395F341B127DF70055A21C /* LoginViewController.swift */,
				83395F361B127E070055A21C /* CreateAccountViewController.swift */,
				83395F381B127E120055A21C /* MainViewController.swift */,
				83395F141B127D5B0055A21C /* AppDelegate.swift */,
				83395F181B127D5B0055A21C /* Main.storyboard */,
				83395F1B1B127D5B0055A21C /* Images.xcassets */,
				83395F1D1B127D5B0055A21C /* LaunchScreen.xib */,
				83395F121B127D5B0055A21C /* Supporting Files */,
			);
			path = LoginProject;
			sourceTree = "<group>";
		};
		83395F121B127D5B0055A21C /* Supporting Files */ = {
			isa = PBXGroup;
			children = (
				83395F131B127D5B0055A21C /* Info.plist */,
			);
			name = "Supporting Files";
			sourceTree = "<group>";
		};
		83395F271B127D5B0055A21C /* LoginProjectTests */ = {
			isa = PBXGroup;
			children = (
				83395F2A1B127D5B0055A21C /* LoginProjectTests.swift */,
				83395F281B127D5B0055A21C /* Supporting Files */,
			);
			path = LoginProjectTests;
			sourceTree = "<group>";
		};
		83395F281B127D5B0055A21C /* Supporting Files */ = {
			isa = PBXGroup;
			children = (
				83395F291B127D5B0055A21C /* Info.plist */,
			);
			name = "Supporting Files";
			sourceTree = "<group>";
		};
/* End PBXGroup section */

/* Begin PBXNativeTarget section */
		83395F0E1B127D5B0055A21C /* LoginProject */ = {
			isa = PBXNativeTarget;
			buildConfigurationList = 83395F2E1B127D5B0055A21C /* Build configuration list for PBXNativeTarget "LoginProject" */;
			buildPhases = (
				83395F0B1B127D5B0055A21C /* Sources */,
				83395F0C1B127D5B0055A21C /* Frameworks */,
				83395F0D1B127D5B0055A21C /* Resources */,
			);
			buildRules = (
			);
			dependencies = (
			);
			name = LoginProject;
			productName = LoginProject;
			productReference = 83395F0F1B127D5B0055A21C /* LoginProject.app */;
			productType = "com.apple.product-type.application";
		};
		83395F231B127D5B0055A21C /* LoginProjectTests */ = {
			isa = PBXNativeTarget;
			buildConfigurationList = 83395F311B127D5B0055A21C /* Build configuration list for PBXNativeTarget "LoginProjectTests" */;
			buildPhases = (
				83395F201B127D5B0055A21C /* Sources */,
				83395F211B127D5B0055A21C /* Frameworks */,
				83395F221B127D5B0055A21C /* Resources */,
			);
			buildRules = (
			);
			dependencies = (
				83395F261B127D5B0055A21C /* PBXTargetDependency */,
			);
			name = LoginProjectTests;
			productName = LoginProjectTests;
			productReference = 83395F241B127D5B0055A21C /* LoginProjectTests.xctest */;
			productType = "com.apple.product-type.bundle.unit-test";
		};
/* End PBXNativeTarget section */

/* Begin PBXProject section */
		83395F071B127D5B0055A21C /* Project object */ = {
			isa = PBXProject;
			attributes = {
				LastUpgradeCheck = 0630;
				ORGANIZATIONNAME = "Portia Dean";
				TargetAttributes = {
					83395F0E1B127D5B0055A21C = {
						CreatedOnToolsVersion = 6.3.2;
					};
					83395F231B127D5B0055A21C = {
						CreatedOnToolsVersion = 6.3.2;
						TestTargetID = 83395F0E1B127D5B0055A21C;
					};
				};
			};
			buildConfigurationList = 83395F0A1B127D5B0055A21C /* Build configuration list for PBXProject "LoginProject" */;
			compatibilityVersion = "Xcode 3.2";
			developmentRegion = English;
			hasScannedForEncodings = 0;
			knownRegions = (
				en,
				Base,
			);
			mainGroup = 83395F061B127D5B0055A21C;
			productRefGroup = 83395F101B127D5B0055A21C /* Products */;
			projectDirPath = "";
			projectRoot = "";
			targets = (
				83395F0E1B127D5B0055A21C /* LoginProject */,
				83395F231B127D5B0055A21C /* LoginProjectTests */,
			);
		};
/* End PBXProject section */

/* Begin PBXResourcesBuildPhase section */
		83395F0D1B127D5B0055A21C /* Resources */ = {
			isa = PBXResourcesBuildPhase;
			buildActionMask = 2147483647;
			files = (
				83395F1A1B127D5B0055A21C /* Main.storyboard in Resources */,
				83395F1F1B127D5B0055A21C /* LaunchScreen.xib in Resources */,
				83395F1C1B127D5B0055A21C /* Images.xcassets in Resources */,
			);
			runOnlyForDeploymentPostprocessing = 0;
		};
		83395F221B127D5B0055A21C /* Resources */ = {
			isa = PBXResourcesBuildPhase;
			buildActionMask = 2147483647;
			files = (
			);
			runOnlyForDeploymentPostprocessing = 0;
		};
/* End PBXResourcesBuildPhase section */

/* Begin PBXSourcesBuildPhase section */
		83395F0B1B127D5B0055A21C /* Sources */ = {
			isa = PBXSourcesBuildPhase;
			buildActionMask = 2147483647;
			files = (
				83395F371B127E070055A21C /* CreateAccountViewController.swift in Sources */,
				83395F351B127DF70055A21C /* LoginViewController.swift in Sources */,
				83395F151B127D5B0055A21C /* AppDelegate.swift in Sources */,
				83395F391B127E120055A21C /* MainViewController.swift in Sources */,
			);
			runOnlyForDeploymentPostprocessing = 0;
		};
		83395F201B127D5B0055A21C /* Sources */ = {
			isa = PBXSourcesBuildPhase;
			buildActionMask = 2147483647;
			files = (
				83395F2B1B127D5B0055A21C /* LoginProjectTests.swift in Sources */,
			);
			runOnlyForDeploymentPostprocessing = 0;
		};
/* End PBXSourcesBuildPhase section */

/* Begin PBXTargetDependency section */
		83395F261B127D5B0055A21C /* PBXTargetDependency */ = {
			isa = PBXTargetDependency;
			target = 83395F0E1B127D5B0055A21C /* LoginProject */;
			targetProxy = 83395F251B127D5B0055A21C /* PBXContainerItemProxy */;
		};
/* End PBXTargetDependency section */

/* Begin PBXVariantGroup section */
		83395F181B127D5B0055A21C /* Main.storyboard */ = {
			isa = PBXVariantGroup;
			children = (
				83395F191B127D5B0055A21C /* Base */,
			);
			name = Main.storyboard;
			sourceTree = "<group>";
		};
		83395F1D1B127D5B0055A21C /* LaunchScreen.xib */ = {
			isa = PBXVariantGroup;
			children = (
				83395F1E1B127D5B0055A21C /* Base */,
			);
			name = LaunchScreen.xib;
			sourceTree = "<group>";
		};
/* End PBXVariantGroup section */

/* Begin XCBuildConfiguration section */
		83395F2C1B127D5B0055A21C /* Debug */ = {
			isa = XCBuildConfiguration;
			buildSettings = {
				ALWAYS_SEARCH_USER_PATHS = NO;
				CLANG_CXX_LANGUAGE_STANDARD = "gnu++0x";
				CLANG_CXX_LIBRARY = "libc++";
				CLANG_ENABLE_MODULES = YES;
				CLANG_ENABLE_OBJC_ARC = YES;
				CLANG_WARN_BOOL_CONVERSION = YES;
				CLANG_WARN_CONSTANT_CONVERSION = YES;
				CLANG_WARN_DIRECT_OBJC_ISA_USAGE = YES_ERROR;
				CLANG_WARN_EMPTY_BODY = YES;
				CLANG_WARN_ENUM_CONVERSION = YES;
				CLANG_WARN_INT_CONVERSION = YES;
				CLANG_WARN_OBJC_ROOT_CLASS = YES_ERROR;
				CLANG_WARN_UNREACHABLE_CODE = YES;
				CLANG_WARN__DUPLICATE_METHOD_MATCH = YES;
				"CODE_SIGN_IDENTITY[sdk=iphoneos*]" = "iPhone Developer";
				COPY_PHASE_STRIP = NO;
				DEBUG_INFORMATION_FORMAT = "dwarf-with-dsym";
				ENABLE_STRICT_OBJC_MSGSEND = YES;
				GCC_C_LANGUAGE_STANDARD = gnu99;
				GCC_DYNAMIC_NO_PIC = NO;
				GCC_NO_COMMON_BLOCKS = YES;
				GCC_OPTIMIZATION_LEVEL = 0;
				GCC_PREPROCESSOR_DEFINITIONS = (
					"DEBUG=1",
					"$(inherited)",
				);
				GCC_SYMBOLS_PRIVATE_EXTERN = NO;
				GCC_WARN_64_TO_32_BIT_CONVERSION = YES;
				GCC_WARN_ABOUT_RETURN_TYPE = YES_ERROR;
				GCC_WARN_UNDECLARED_SELECTOR = YES;
				GCC_WARN_UNINITIALIZED_AUTOS = YES_AGGRESSIVE;
				GCC_WARN_UNUSED_FUNCTION = YES;
				GCC_WARN_UNUSED_VARIABLE = YES;
				IPHONEOS_DEPLOYMENT_TARGET = 8.3;
				MTL_ENABLE_DEBUG_INFO = YES;
				ONLY_ACTIVE_ARCH = YES;
				SDKROOT = iphoneos;
				SWIFT_OPTIMIZATION_LEVEL = "-Onone";
				TARGETED_DEVICE_FAMILY = "1,2";
			};
			name = Debug;
		};
		83395F2D1B127D5B0055A21C /* Release */ = {
			isa = XCBuildConfiguration;
			buildSettings = {
				ALWAYS_SEARCH_USER_PATHS = NO;
				CLANG_CXX_LANGUAGE_STANDARD = "gnu++0x";
				CLANG_CXX_LIBRARY = "libc++";
				CLANG_ENABLE_MODULES = YES;
				CLANG_ENABLE_OBJC_ARC = YES;
				CLANG_WARN_BOOL_CONVERSION = YES;
				CLANG_WARN_CONSTANT_CONVERSION = YES;
				CLANG_WARN_DIRECT_OBJC_ISA_USAGE = YES_ERROR;
				CLANG_WARN_EMPTY_BODY = YES;
				CLANG_WARN_ENUM_CONVERSION = YES;
				CLANG_WARN_INT_CONVERSION = YES;
				CLANG_WARN_OBJC_ROOT_CLASS = YES_ERROR;
				CLANG_WARN_UNREACHABLE_CODE = YES;
				CLANG_WARN__DUPLICATE_METHOD_MATCH = YES;
				"CODE_SIGN_IDENTITY[sdk=iphoneos*]" = "iPhone Developer";
				COPY_PHASE_STRIP = NO;
				DEBUG_INFORMATION_FORMAT = "dwarf-with-dsym";
				ENABLE_NS_ASSERTIONS = NO;
				ENABLE_STRICT_OBJC_MSGSEND = YES;
				GCC_C_LANGUAGE_STANDARD = gnu99;
				GCC_NO_COMMON_BLOCKS = YES;
				GCC_WARN_64_TO_32_BIT_CONVERSION = YES;
				GCC_WARN_ABOUT_RETURN_TYPE = YES_ERROR;
				GCC_WARN_UNDECLARED_SELECTOR = YES;
				GCC_WARN_UNINITIALIZED_AUTOS = YES_AGGRESSIVE;
				GCC_WARN_UNUSED_FUNCTION = YES;
				GCC_WARN_UNUSED_VARIABLE = YES;
				IPHONEOS_DEPLOYMENT_TARGET = 8.3;
				MTL_ENABLE_DEBUG_INFO = NO;
				SDKROOT = iphoneos;
				TARGETED_DEVICE_FAMILY = "1,2";
				VALIDATE_PRODUCT = YES;
			};
			name = Release;
		};
		83395F2F1B127D5B0055A21C /* Debug */ = {
			isa = XCBuildConfiguration;
			buildSettings = {
				ASSETCATALOG_COMPILER_APPICON_NAME = AppIcon;
				INFOPLIST_FILE = LoginProject/Info.plist;
				LD_RUNPATH_SEARCH_PATHS = "$(inherited) @executable_path/Frameworks";
				PRODUCT_NAME = "$(TARGET_NAME)";
			};
			name = Debug;
		};
		83395F301B127D5B0055A21C /* Release */ = {
			isa = XCBuildConfiguration;
			buildSettings = {
				ASSETCATALOG_COMPILER_APPICON_NAME = AppIcon;
				INFOPLIST_FILE = LoginProject/Info.plist;
				LD_RUNPATH_SEARCH_PATHS = "$(inherited) @executable_path/Frameworks";
				PRODUCT_NAME = "$(TARGET_NAME)";
			};
			name = Release;
		};
		83395F321B127D5B0055A21C /* Debug */ = {
			isa = XCBuildConfiguration;
			buildSettings = {
				BUNDLE_LOADER = "$(TEST_HOST)";
				FRAMEWORK_SEARCH_PATHS = (
					"$(SDKROOT)/Developer/Library/Frameworks",
					"$(inherited)",
				);
				GCC_PREPROCESSOR_DEFINITIONS = (
					"DEBUG=1",
					"$(inherited)",
				);
				INFOPLIST_FILE = LoginProjectTests/Info.plist;
				LD_RUNPATH_SEARCH_PATHS = "$(inherited) @executable_path/Frameworks @loader_path/Frameworks";
				PRODUCT_NAME = "$(TARGET_NAME)";
				TEST_HOST = "$(BUILT_PRODUCTS_DIR)/LoginProject.app/LoginProject";
			};
			name = Debug;
		};
		83395F331B127D5B0055A21C /* Release */ = {
			isa = XCBuildConfiguration;
			buildSettings = {
				BUNDLE_LOADER = "$(TEST_HOST)";
				FRAMEWORK_SEARCH_PATHS = (
					"$(SDKROOT)/Developer/Library/Frameworks",
					"$(inherited)",
				);
				INFOPLIST_FILE = LoginProjectTests/Info.plist;
				LD_RUNPATH_SEARCH_PATHS = "$(inherited) @executable_path/Frameworks @loader_path/Frameworks";
				PRODUCT_NAME = "$(TARGET_NAME)";
				TEST_HOST = "$(BUILT_PRODUCTS_DIR)/LoginProject.app/LoginProject";
			};
			name = Release;
		};
/* End XCBuildConfiguration section */

/* Begin XCConfigurationList section */
		83395F0A1B127D5B0055A21C /* Build configuration list for PBXProject "LoginProject" */ = {
			isa = XCConfigurationList;
			buildConfigurations = (
				83395F2C1B127D5B0055A21C /* Debug */,
				83395F2D1B127D5B0055A21C /* Release */,
			);
			defaultConfigurationIsVisible = 0;
			defaultConfigurationName = Release;
		};
		83395F2E1B127D5B0055A21C /* Build configuration list for PBXNativeTarget "LoginProject" */ = {
			isa = XCConfigurationList;
			buildConfigurations = (
				83395F2F1B127D5B0055A21C /* Debug */,
				83395F301B127D5B0055A21C /* Release */,
			);
			defaultConfigurationIsVisible = 0;
			defaultConfigurationName = Release;
		};
		83395F311B127D5B0055A21C /* Build configuration list for PBXNativeTarget "LoginProjectTests" */ = {
			isa = XCConfigurationList;
			buildConfigurations = (
				83395F321B127D5B0055A21C /* Debug */,
				83395F331B127D5B0055A21C /* Release */,
			);
			defaultConfigurationIsVisible = 0;
			defaultConfigurationName = Release;
		};
/* End XCConfigurationList section */
	};
	rootObject = 83395F071B127D5B0055A21C /* Project object */;
}
