// !$*UTF8*$!
{
	archiveVersion = 1;
	classes = {
	};
	objectVersion = 46;
	objects = {

/* Begin PBXBuildFile section */
		83B747E21AAF80F20067C978 /* AppDelegate.swift in Sources */ = {isa = PBXBuildFile; fileRef = 83B747E11AAF80F20067C978 /* AppDelegate.swift */; };
		83B747E41AAF80F20067C978 /* ViewController.swift in Sources */ = {isa = PBXBuildFile; fileRef = 83B747E31AAF80F20067C978 /* ViewController.swift */; };
		83B747E71AAF80F20067C978 /* Main.storyboard in Resources */ = {isa = PBXBuildFile; fileRef = 83B747E51AAF80F20067C978 /* Main.storyboard */; };
		83B747E91AAF80F20067C978 /* Images.xcassets in Resources */ = {isa = PBXBuildFile; fileRef = 83B747E81AAF80F20067C978 /* Images.xcassets */; };
		83B747EC1AAF80F20067C978 /* LaunchScreen.xib in Resources */ = {isa = PBXBuildFile; fileRef = 83B747EA1AAF80F20067C978 /* LaunchScreen.xib */; };
		83B747F81AAF80F20067C978 /* _9RedBalloonsTests.swift in Sources */ = {isa = PBXBuildFile; fileRef = 83B747F71AAF80F20067C978 /* _9RedBalloonsTests.swift */; };
		83B748021AAF80FF0067C978 /* Balloons.swift in Sources */ = {isa = PBXBuildFile; fileRef = 83B748011AAF80FF0067C978 /* Balloons.swift */; };
		83B748091AAF810B0067C978 /* BerlinTVTower.jpg in Resources */ = {isa = PBXBuildFile; fileRef = 83B748041AAF810B0067C978 /* BerlinTVTower.jpg */; };
		83B7480A1AAF810B0067C978 /* RedBalloon1.jpg in Resources */ = {isa = PBXBuildFile; fileRef = 83B748051AAF810B0067C978 /* RedBalloon1.jpg */; };
		83B7480B1AAF810B0067C978 /* RedBalloon2.jpg in Resources */ = {isa = PBXBuildFile; fileRef = 83B748061AAF810B0067C978 /* RedBalloon2.jpg */; };
		83B7480C1AAF810B0067C978 /* RedBalloon3.jpg in Resources */ = {isa = PBXBuildFile; fileRef = 83B748071AAF810B0067C978 /* RedBalloon3.jpg */; };
		83B7480D1AAF810B0067C978 /* RedBalloon4.jpg in Resources */ = {isa = PBXBuildFile; fileRef = 83B748081AAF810B0067C978 /* RedBalloon4.jpg */; };
/* End PBXBuildFile section */

/* Begin PBXContainerItemProxy section */
		83B747F21AAF80F20067C978 /* PBXContainerItemProxy */ = {
			isa = PBXContainerItemProxy;
			containerPortal = 83B747D41AAF80F20067C978 /* Project object */;
			proxyType = 1;
			remoteGlobalIDString = 83B747DB1AAF80F20067C978;
			remoteInfo = 99RedBalloons;
		};
/* End PBXContainerItemProxy section */

/* Begin PBXFileReference section */
		83B747DC1AAF80F20067C978 /* 99RedBalloons.app */ = {isa = PBXFileReference; explicitFileType = wrapper.application; includeInIndex = 0; path = 99RedBalloons.app; sourceTree = BUILT_PRODUCTS_DIR; };
		83B747E01AAF80F20067C978 /* Info.plist */ = {isa = PBXFileReference; lastKnownFileType = text.plist.xml; path = Info.plist; sourceTree = "<group>"; };
		83B747E11AAF80F20067C978 /* AppDelegate.swift */ = {isa = PBXFileReference; lastKnownFileType = sourcecode.swift; path = AppDelegate.swift; sourceTree = "<group>"; };
		83B747E31AAF80F20067C978 /* ViewController.swift */ = {isa = PBXFileReference; lastKnownFileType = sourcecode.swift; path = ViewController.swift; sourceTree = "<group>"; };
		83B747E61AAF80F20067C978 /* Base */ = {isa = PBXFileReference; lastKnownFileType = file.storyboard; name = Base; path = Base.lproj/Main.storyboard; sourceTree = "<group>"; };
		83B747E81AAF80F20067C978 /* Images.xcassets */ = {isa = PBXFileReference; lastKnownFileType = folder.assetcatalog; path = Images.xcassets; sourceTree = "<group>"; };
		83B747EB1AAF80F20067C978 /* Base */ = {isa = PBXFileReference; lastKnownFileType = file.xib; name = Base; path = Base.lproj/LaunchScreen.xib; sourceTree = "<group>"; };
		83B747F11AAF80F20067C978 /* 99RedBalloonsTests.xctest */ = {isa = PBXFileReference; explicitFileType = wrapper.cfbundle; includeInIndex = 0; path = 99RedBalloonsTests.xctest; sourceTree = BUILT_PRODUCTS_DIR; };
		83B747F61AAF80F20067C978 /* Info.plist */ = {isa = PBXFileReference; lastKnownFileType = text.plist.xml; path = Info.plist; sourceTree = "<group>"; };
		83B747F71AAF80F20067C978 /* _9RedBalloonsTests.swift */ = {isa = PBXFileReference; lastKnownFileType = sourcecode.swift; path = _9RedBalloonsTests.swift; sourceTree = "<group>"; };
		83B748011AAF80FF0067C978 /* Balloons.swift */ = {isa = PBXFileReference; fileEncoding = 4; lastKnownFileType = sourcecode.swift; path = Balloons.swift; sourceTree = "<group>"; };
		83B748041AAF810B0067C978 /* BerlinTVTower.jpg */ = {isa = PBXFileReference; lastKnownFileType = image.jpeg; path = BerlinTVTower.jpg; sourceTree = "<group>"; };
		83B748051AAF810B0067C978 /* RedBalloon1.jpg */ = {isa = PBXFileReference; lastKnownFileType = image.jpeg; path = RedBalloon1.jpg; sourceTree = "<group>"; };
		83B748061AAF810B0067C978 /* RedBalloon2.jpg */ = {isa = PBXFileReference; lastKnownFileType = image.jpeg; path = RedBalloon2.jpg; sourceTree = "<group>"; };
		83B748071AAF810B0067C978 /* RedBalloon3.jpg */ = {isa = PBXFileReference; lastKnownFileType = image.jpeg; path = RedBalloon3.jpg; sourceTree = "<group>"; };
		83B748081AAF810B0067C978 /* RedBalloon4.jpg */ = {isa = PBXFileReference; lastKnownFileType = image.jpeg; path = RedBalloon4.jpg; sourceTree = "<group>"; };
/* End PBXFileReference section */

/* Begin PBXFrameworksBuildPhase section */
		83B747D91AAF80F20067C978 /* Frameworks */ = {
			isa = PBXFrameworksBuildPhase;
			buildActionMask = 2147483647;
			files = (
			);
			runOnlyForDeploymentPostprocessing = 0;
		};
		83B747EE1AAF80F20067C978 /* Frameworks */ = {
			isa = PBXFrameworksBuildPhase;
			buildActionMask = 2147483647;
			files = (
			);
			runOnlyForDeploymentPostprocessing = 0;
		};
/* End PBXFrameworksBuildPhase section */

/* Begin PBXGroup section */
		83B747D31AAF80F20067C978 = {
			isa = PBXGroup;
			children = (
				83B747DE1AAF80F20067C978 /* 99RedBalloons */,
				83B747F41AAF80F20067C978 /* 99RedBalloonsTests */,
				83B747DD1AAF80F20067C978 /* Products */,
			);
			sourceTree = "<group>";
		};
		83B747DD1AAF80F20067C978 /* Products */ = {
			isa = PBXGroup;
			children = (
				83B747DC1AAF80F20067C978 /* 99RedBalloons.app */,
				83B747F11AAF80F20067C978 /* 99RedBalloonsTests.xctest */,
			);
			name = Products;
			sourceTree = "<group>";
		};
		83B747DE1AAF80F20067C978 /* 99RedBalloons */ = {
			isa = PBXGroup;
			children = (
				83B747E11AAF80F20067C978 /* AppDelegate.swift */,
				83B748011AAF80FF0067C978 /* Balloons.swift */,
				83B747E31AAF80F20067C978 /* ViewController.swift */,
				83B747E51AAF80F20067C978 /* Main.storyboard */,
				83B747E81AAF80F20067C978 /* Images.xcassets */,
				83B747EA1AAF80F20067C978 /* LaunchScreen.xib */,
				83B747DF1AAF80F20067C978 /* Supporting Files */,
			);
			path = 99RedBalloons;
			sourceTree = "<group>";
		};
		83B747DF1AAF80F20067C978 /* Supporting Files */ = {
			isa = PBXGroup;
			children = (
				83B748031AAF810B0067C978 /* 99RedBalloonsAssets */,
				83B747E01AAF80F20067C978 /* Info.plist */,
			);
			name = "Supporting Files";
			sourceTree = "<group>";
		};
		83B747F41AAF80F20067C978 /* 99RedBalloonsTests */ = {
			isa = PBXGroup;
			children = (
				83B747F71AAF80F20067C978 /* _9RedBalloonsTests.swift */,
				83B747F51AAF80F20067C978 /* Supporting Files */,
			);
			path = 99RedBalloonsTests;
			sourceTree = "<group>";
		};
		83B747F51AAF80F20067C978 /* Supporting Files */ = {
			isa = PBXGroup;
			children = (
				83B747F61AAF80F20067C978 /* Info.plist */,
			);
			name = "Supporting Files";
			sourceTree = "<group>";
		};
		83B748031AAF810B0067C978 /* 99RedBalloonsAssets */ = {
			isa = PBXGroup;
			children = (
				83B748041AAF810B0067C978 /* BerlinTVTower.jpg */,
				83B748051AAF810B0067C978 /* RedBalloon1.jpg */,
				83B748061AAF810B0067C978 /* RedBalloon2.jpg */,
				83B748071AAF810B0067C978 /* RedBalloon3.jpg */,
				83B748081AAF810B0067C978 /* RedBalloon4.jpg */,
			);
			path = 99RedBalloonsAssets;
			sourceTree = "<group>";
		};
/* End PBXGroup section */

/* Begin PBXNativeTarget section */
		83B747DB1AAF80F20067C978 /* 99RedBalloons */ = {
			isa = PBXNativeTarget;
			buildConfigurationList = 83B747FB1AAF80F20067C978 /* Build configuration list for PBXNativeTarget "99RedBalloons" */;
			buildPhases = (
				83B747D81AAF80F20067C978 /* Sources */,
				83B747D91AAF80F20067C978 /* Frameworks */,
				83B747DA1AAF80F20067C978 /* Resources */,
			);
			buildRules = (
			);
			dependencies = (
			);
			name = 99RedBalloons;
			productName = 99RedBalloons;
			productReference = 83B747DC1AAF80F20067C978 /* 99RedBalloons.app */;
			productType = "com.apple.product-type.application";
		};
		83B747F01AAF80F20067C978 /* 99RedBalloonsTests */ = {
			isa = PBXNativeTarget;
			buildConfigurationList = 83B747FE1AAF80F20067C978 /* Build configuration list for PBXNativeTarget "99RedBalloonsTests" */;
			buildPhases = (
				83B747ED1AAF80F20067C978 /* Sources */,
				83B747EE1AAF80F20067C978 /* Frameworks */,
				83B747EF1AAF80F20067C978 /* Resources */,
			);
			buildRules = (
			);
			dependencies = (
				83B747F31AAF80F20067C978 /* PBXTargetDependency */,
			);
			name = 99RedBalloonsTests;
			productName = 99RedBalloonsTests;
			productReference = 83B747F11AAF80F20067C978 /* 99RedBalloonsTests.xctest */;
			productType = "com.apple.product-type.bundle.unit-test";
		};
/* End PBXNativeTarget section */

/* Begin PBXProject section */
		83B747D41AAF80F20067C978 /* Project object */ = {
			isa = PBXProject;
			attributes = {
				LastUpgradeCheck = 0610;
				ORGANIZATIONNAME = "Portia Dean";
				TargetAttributes = {
					83B747DB1AAF80F20067C978 = {
						CreatedOnToolsVersion = 6.1.1;
					};
					83B747F01AAF80F20067C978 = {
						CreatedOnToolsVersion = 6.1.1;
						TestTargetID = 83B747DB1AAF80F20067C978;
					};
				};
			};
			buildConfigurationList = 83B747D71AAF80F20067C978 /* Build configuration list for PBXProject "99RedBalloons" */;
			compatibilityVersion = "Xcode 3.2";
			developmentRegion = English;
			hasScannedForEncodings = 0;
			knownRegions = (
				en,
				Base,
			);
			mainGroup = 83B747D31AAF80F20067C978;
			productRefGroup = 83B747DD1AAF80F20067C978 /* Products */;
			projectDirPath = "";
			projectRoot = "";
			targets = (
				83B747DB1AAF80F20067C978 /* 99RedBalloons */,
				83B747F01AAF80F20067C978 /* 99RedBalloonsTests */,
			);
		};
/* End PBXProject section */

/* Begin PBXResourcesBuildPhase section */
		83B747DA1AAF80F20067C978 /* Resources */ = {
			isa = PBXResourcesBuildPhase;
			buildActionMask = 2147483647;
			files = (
				83B7480B1AAF810B0067C978 /* RedBalloon2.jpg in Resources */,
				83B747E71AAF80F20067C978 /* Main.storyboard in Resources */,
				83B7480C1AAF810B0067C978 /* RedBalloon3.jpg in Resources */,
				83B747EC1AAF80F20067C978 /* LaunchScreen.xib in Resources */,
				83B7480D1AAF810B0067C978 /* RedBalloon4.jpg in Resources */,
				83B747E91AAF80F20067C978 /* Images.xcassets in Resources */,
				83B7480A1AAF810B0067C978 /* RedBalloon1.jpg in Resources */,
				83B748091AAF810B0067C978 /* BerlinTVTower.jpg in Resources */,
			);
			runOnlyForDeploymentPostprocessing = 0;
		};
		83B747EF1AAF80F20067C978 /* Resources */ = {
			isa = PBXResourcesBuildPhase;
			buildActionMask = 2147483647;
			files = (
			);
			runOnlyForDeploymentPostprocessing = 0;
		};
/* End PBXResourcesBuildPhase section */

/* Begin PBXSourcesBuildPhase section */
		83B747D81AAF80F20067C978 /* Sources */ = {
			isa = PBXSourcesBuildPhase;
			buildActionMask = 2147483647;
			files = (
				83B747E41AAF80F20067C978 /* ViewController.swift in Sources */,
				83B747E21AAF80F20067C978 /* AppDelegate.swift in Sources */,
				83B748021AAF80FF0067C978 /* Balloons.swift in Sources */,
			);
			runOnlyForDeploymentPostprocessing = 0;
		};
		83B747ED1AAF80F20067C978 /* Sources */ = {
			isa = PBXSourcesBuildPhase;
			buildActionMask = 2147483647;
			files = (
				83B747F81AAF80F20067C978 /* _9RedBalloonsTests.swift in Sources */,
			);
			runOnlyForDeploymentPostprocessing = 0;
		};
/* End PBXSourcesBuildPhase section */

/* Begin PBXTargetDependency section */
		83B747F31AAF80F20067C978 /* PBXTargetDependency */ = {
			isa = PBXTargetDependency;
			target = 83B747DB1AAF80F20067C978 /* 99RedBalloons */;
			targetProxy = 83B747F21AAF80F20067C978 /* PBXContainerItemProxy */;
		};
/* End PBXTargetDependency section */

/* Begin PBXVariantGroup section */
		83B747E51AAF80F20067C978 /* Main.storyboard */ = {
			isa = PBXVariantGroup;
			children = (
				83B747E61AAF80F20067C978 /* Base */,
			);
			name = Main.storyboard;
			sourceTree = "<group>";
		};
		83B747EA1AAF80F20067C978 /* LaunchScreen.xib */ = {
			isa = PBXVariantGroup;
			children = (
				83B747EB1AAF80F20067C978 /* Base */,
			);
			name = LaunchScreen.xib;
			sourceTree = "<group>";
		};
/* End PBXVariantGroup section */

/* Begin XCBuildConfiguration section */
		83B747F91AAF80F20067C978 /* Debug */ = {
			isa = XCBuildConfiguration;
			buildSettings = {
				ALWAYS_SEARCH_USER_PATHS = NO;
				CLANG_CXX_LANGUAGE_STANDARD = "gnu++0x";
				CLANG_CXX_LIBRARY = "libc++";
				CLANG_ENABLE_MODULES = YES;
				CLANG_ENABLE_OBJC_ARC = YES;
				CLANG_WARN_BOOL_CONVERSION = YES;
				CLANG_WARN_CONSTANT_CONVERSION = YES;
				CLANG_WARN_DIRECT_OBJC_ISA_USAGE = YES_ERROR;
				CLANG_WARN_EMPTY_BODY = YES;
				CLANG_WARN_ENUM_CONVERSION = YES;
				CLANG_WARN_INT_CONVERSION = YES;
				CLANG_WARN_OBJC_ROOT_CLASS = YES_ERROR;
				CLANG_WARN_UNREACHABLE_CODE = YES;
				CLANG_WARN__DUPLICATE_METHOD_MATCH = YES;
				"CODE_SIGN_IDENTITY[sdk=iphoneos*]" = "iPhone Developer";
				COPY_PHASE_STRIP = NO;
				ENABLE_STRICT_OBJC_MSGSEND = YES;
				GCC_C_LANGUAGE_STANDARD = gnu99;
				GCC_DYNAMIC_NO_PIC = NO;
				GCC_OPTIMIZATION_LEVEL = 0;
				GCC_PREPROCESSOR_DEFINITIONS = (
					"DEBUG=1",
					"$(inherited)",
				);
				GCC_SYMBOLS_PRIVATE_EXTERN = NO;
				GCC_WARN_64_TO_32_BIT_CONVERSION = YES;
				GCC_WARN_ABOUT_RETURN_TYPE = YES_ERROR;
				GCC_WARN_UNDECLARED_SELECTOR = YES;
				GCC_WARN_UNINITIALIZED_AUTOS = YES_AGGRESSIVE;
				GCC_WARN_UNUSED_FUNCTION = YES;
				GCC_WARN_UNUSED_VARIABLE = YES;
				IPHONEOS_DEPLOYMENT_TARGET = 8.1;
				MTL_ENABLE_DEBUG_INFO = YES;
				ONLY_ACTIVE_ARCH = YES;
				SDKROOT = iphoneos;
				SWIFT_OPTIMIZATION_LEVEL = "-Onone";
				TARGETED_DEVICE_FAMILY = "1,2";
			};
			name = Debug;
		};
		83B747FA1AAF80F20067C978 /* Release */ = {
			isa = XCBuildConfiguration;
			buildSettings = {
				ALWAYS_SEARCH_USER_PATHS = NO;
				CLANG_CXX_LANGUAGE_STANDARD = "gnu++0x";
				CLANG_CXX_LIBRARY = "libc++";
				CLANG_ENABLE_MODULES = YES;
				CLANG_ENABLE_OBJC_ARC = YES;
				CLANG_WARN_BOOL_CONVERSION = YES;
				CLANG_WARN_CONSTANT_CONVERSION = YES;
				CLANG_WARN_DIRECT_OBJC_ISA_USAGE = YES_ERROR;
				CLANG_WARN_EMPTY_BODY = YES;
				CLANG_WARN_ENUM_CONVERSION = YES;
				CLANG_WARN_INT_CONVERSION = YES;
				CLANG_WARN_OBJC_ROOT_CLASS = YES_ERROR;
				CLANG_WARN_UNREACHABLE_CODE = YES;
				CLANG_WARN__DUPLICATE_METHOD_MATCH = YES;
				"CODE_SIGN_IDENTITY[sdk=iphoneos*]" = "iPhone Developer";
				COPY_PHASE_STRIP = YES;
				ENABLE_NS_ASSERTIONS = NO;
				ENABLE_STRICT_OBJC_MSGSEND = YES;
				GCC_C_LANGUAGE_STANDARD = gnu99;
				GCC_WARN_64_TO_32_BIT_CONVERSION = YES;
				GCC_WARN_ABOUT_RETURN_TYPE = YES_ERROR;
				GCC_WARN_UNDECLARED_SELECTOR = YES;
				GCC_WARN_UNINITIALIZED_AUTOS = YES_AGGRESSIVE;
				GCC_WARN_UNUSED_FUNCTION = YES;
				GCC_WARN_UNUSED_VARIABLE = YES;
				IPHONEOS_DEPLOYMENT_TARGET = 8.1;
				MTL_ENABLE_DEBUG_INFO = NO;
				SDKROOT = iphoneos;
				TARGETED_DEVICE_FAMILY = "1,2";
				VALIDATE_PRODUCT = YES;
			};
			name = Release;
		};
		83B747FC1AAF80F20067C978 /* Debug */ = {
			isa = XCBuildConfiguration;
			buildSettings = {
				ASSETCATALOG_COMPILER_APPICON_NAME = AppIcon;
				INFOPLIST_FILE = 99RedBalloons/Info.plist;
				LD_RUNPATH_SEARCH_PATHS = "$(inherited) @executable_path/Frameworks";
				PRODUCT_NAME = "$(TARGET_NAME)";
			};
			name = Debug;
		};
		83B747FD1AAF80F20067C978 /* Release */ = {
			isa = XCBuildConfiguration;
			buildSettings = {
				ASSETCATALOG_COMPILER_APPICON_NAME = AppIcon;
				INFOPLIST_FILE = 99RedBalloons/Info.plist;
				LD_RUNPATH_SEARCH_PATHS = "$(inherited) @executable_path/Frameworks";
				PRODUCT_NAME = "$(TARGET_NAME)";
			};
			name = Release;
		};
		83B747FF1AAF80F20067C978 /* Debug */ = {
			isa = XCBuildConfiguration;
			buildSettings = {
				BUNDLE_LOADER = "$(TEST_HOST)";
				FRAMEWORK_SEARCH_PATHS = (
					"$(SDKROOT)/Developer/Library/Frameworks",
					"$(inherited)",
				);
				GCC_PREPROCESSOR_DEFINITIONS = (
					"DEBUG=1",
					"$(inherited)",
				);
				INFOPLIST_FILE = 99RedBalloonsTests/Info.plist;
				LD_RUNPATH_SEARCH_PATHS = "$(inherited) @executable_path/Frameworks @loader_path/Frameworks";
				PRODUCT_NAME = "$(TARGET_NAME)";
				TEST_HOST = "$(BUILT_PRODUCTS_DIR)/99RedBalloons.app/99RedBalloons";
			};
			name = Debug;
		};
		83B748001AAF80F20067C978 /* Release */ = {
			isa = XCBuildConfiguration;
			buildSettings = {
				BUNDLE_LOADER = "$(TEST_HOST)";
				FRAMEWORK_SEARCH_PATHS = (
					"$(SDKROOT)/Developer/Library/Frameworks",
					"$(inherited)",
				);
				INFOPLIST_FILE = 99RedBalloonsTests/Info.plist;
				LD_RUNPATH_SEARCH_PATHS = "$(inherited) @executable_path/Frameworks @loader_path/Frameworks";
				PRODUCT_NAME = "$(TARGET_NAME)";
				TEST_HOST = "$(BUILT_PRODUCTS_DIR)/99RedBalloons.app/99RedBalloons";
			};
			name = Release;
		};
/* End XCBuildConfiguration section */

/* Begin XCConfigurationList section */
		83B747D71AAF80F20067C978 /* Build configuration list for PBXProject "99RedBalloons" */ = {
			isa = XCConfigurationList;
			buildConfigurations = (
				83B747F91AAF80F20067C978 /* Debug */,
				83B747FA1AAF80F20067C978 /* Release */,
			);
			defaultConfigurationIsVisible = 0;
			defaultConfigurationName = Release;
		};
		83B747FB1AAF80F20067C978 /* Build configuration list for PBXNativeTarget "99RedBalloons" */ = {
			isa = XCConfigurationList;
			buildConfigurations = (
				83B747FC1AAF80F20067C978 /* Debug */,
				83B747FD1AAF80F20067C978 /* Release */,
			);
			defaultConfigurationIsVisible = 0;
		};
		83B747FE1AAF80F20067C978 /* Build configuration list for PBXNativeTarget "99RedBalloonsTests" */ = {
			isa = XCConfigurationList;
			buildConfigurations = (
				83B747FF1AAF80F20067C978 /* Debug */,
				83B748001AAF80F20067C978 /* Release */,
			);
			defaultConfigurationIsVisible = 0;
		};
/* End XCConfigurationList section */
	};
	rootObject = 83B747D41AAF80F20067C978 /* Project object */;
}
