// !$*UTF8*$!
{
	archiveVersion = 1;
	classes = {
	};
	objectVersion = 46;
	objects = {

/* Begin PBXBuildFile section */
		83E7F25C1AE834EE002993C3 /* AppDelegate.swift in Sources */ = {isa = PBXBuildFile; fileRef = 83E7F25B1AE834EE002993C3 /* AppDelegate.swift */; };
		83E7F25F1AE834EE002993C3 /* FirstAutoLayout.xcdatamodeld in Sources */ = {isa = PBXBuildFile; fileRef = 83E7F25D1AE834EE002993C3 /* FirstAutoLayout.xcdatamodeld */; };
		83E7F2611AE834EE002993C3 /* ViewController.swift in Sources */ = {isa = PBXBuildFile; fileRef = 83E7F2601AE834EE002993C3 /* ViewController.swift */; };
		83E7F2641AE834EE002993C3 /* Main.storyboard in Resources */ = {isa = PBXBuildFile; fileRef = 83E7F2621AE834EE002993C3 /* Main.storyboard */; };
		83E7F2661AE834EE002993C3 /* Images.xcassets in Resources */ = {isa = PBXBuildFile; fileRef = 83E7F2651AE834EE002993C3 /* Images.xcassets */; };
		83E7F2691AE834EE002993C3 /* LaunchScreen.xib in Resources */ = {isa = PBXBuildFile; fileRef = 83E7F2671AE834EE002993C3 /* LaunchScreen.xib */; };
		83E7F2751AE834EE002993C3 /* FirstAutoLayoutTests.swift in Sources */ = {isa = PBXBuildFile; fileRef = 83E7F2741AE834EE002993C3 /* FirstAutoLayoutTests.swift */; };
/* End PBXBuildFile section */

/* Begin PBXContainerItemProxy section */
		83E7F26F1AE834EE002993C3 /* PBXContainerItemProxy */ = {
			isa = PBXContainerItemProxy;
			containerPortal = 83E7F24E1AE834EE002993C3 /* Project object */;
			proxyType = 1;
			remoteGlobalIDString = 83E7F2551AE834EE002993C3;
			remoteInfo = FirstAutoLayout;
		};
/* End PBXContainerItemProxy section */

/* Begin PBXFileReference section */
		83E7F2561AE834EE002993C3 /* FirstAutoLayout.app */ = {isa = PBXFileReference; explicitFileType = wrapper.application; includeInIndex = 0; path = FirstAutoLayout.app; sourceTree = BUILT_PRODUCTS_DIR; };
		83E7F25A1AE834EE002993C3 /* Info.plist */ = {isa = PBXFileReference; lastKnownFileType = text.plist.xml; path = Info.plist; sourceTree = "<group>"; };
		83E7F25B1AE834EE002993C3 /* AppDelegate.swift */ = {isa = PBXFileReference; lastKnownFileType = sourcecode.swift; path = AppDelegate.swift; sourceTree = "<group>"; };
		83E7F25E1AE834EE002993C3 /* FirstAutoLayout.xcdatamodel */ = {isa = PBXFileReference; lastKnownFileType = wrapper.xcdatamodel; path = FirstAutoLayout.xcdatamodel; sourceTree = "<group>"; };
		83E7F2601AE834EE002993C3 /* ViewController.swift */ = {isa = PBXFileReference; lastKnownFileType = sourcecode.swift; path = ViewController.swift; sourceTree = "<group>"; };
		83E7F2631AE834EE002993C3 /* Base */ = {isa = PBXFileReference; lastKnownFileType = file.storyboard; name = Base; path = Base.lproj/Main.storyboard; sourceTree = "<group>"; };
		83E7F2651AE834EE002993C3 /* Images.xcassets */ = {isa = PBXFileReference; lastKnownFileType = folder.assetcatalog; path = Images.xcassets; sourceTree = "<group>"; };
		83E7F2681AE834EE002993C3 /* Base */ = {isa = PBXFileReference; lastKnownFileType = file.xib; name = Base; path = Base.lproj/LaunchScreen.xib; sourceTree = "<group>"; };
		83E7F26E1AE834EE002993C3 /* FirstAutoLayoutTests.xctest */ = {isa = PBXFileReference; explicitFileType = wrapper.cfbundle; includeInIndex = 0; path = FirstAutoLayoutTests.xctest; sourceTree = BUILT_PRODUCTS_DIR; };
		83E7F2731AE834EE002993C3 /* Info.plist */ = {isa = PBXFileReference; lastKnownFileType = text.plist.xml; path = Info.plist; sourceTree = "<group>"; };
		83E7F2741AE834EE002993C3 /* FirstAutoLayoutTests.swift */ = {isa = PBXFileReference; lastKnownFileType = sourcecode.swift; path = FirstAutoLayoutTests.swift; sourceTree = "<group>"; };
/* End PBXFileReference section */

/* Begin PBXFrameworksBuildPhase section */
		83E7F2531AE834EE002993C3 /* Frameworks */ = {
			isa = PBXFrameworksBuildPhase;
			buildActionMask = 2147483647;
			files = (
			);
			runOnlyForDeploymentPostprocessing = 0;
		};
		83E7F26B1AE834EE002993C3 /* Frameworks */ = {
			isa = PBXFrameworksBuildPhase;
			buildActionMask = 2147483647;
			files = (
			);
			runOnlyForDeploymentPostprocessing = 0;
		};
/* End PBXFrameworksBuildPhase section */

/* Begin PBXGroup section */
		83E7F24D1AE834EE002993C3 = {
			isa = PBXGroup;
			children = (
				83E7F2581AE834EE002993C3 /* FirstAutoLayout */,
				83E7F2711AE834EE002993C3 /* FirstAutoLayoutTests */,
				83E7F2571AE834EE002993C3 /* Products */,
			);
			sourceTree = "<group>";
		};
		83E7F2571AE834EE002993C3 /* Products */ = {
			isa = PBXGroup;
			children = (
				83E7F2561AE834EE002993C3 /* FirstAutoLayout.app */,
				83E7F26E1AE834EE002993C3 /* FirstAutoLayoutTests.xctest */,
			);
			name = Products;
			sourceTree = "<group>";
		};
		83E7F2581AE834EE002993C3 /* FirstAutoLayout */ = {
			isa = PBXGroup;
			children = (
				83E7F25B1AE834EE002993C3 /* AppDelegate.swift */,
				83E7F2601AE834EE002993C3 /* ViewController.swift */,
				83E7F2621AE834EE002993C3 /* Main.storyboard */,
				83E7F2651AE834EE002993C3 /* Images.xcassets */,
				83E7F2671AE834EE002993C3 /* LaunchScreen.xib */,
				83E7F25D1AE834EE002993C3 /* FirstAutoLayout.xcdatamodeld */,
				83E7F2591AE834EE002993C3 /* Supporting Files */,
			);
			path = FirstAutoLayout;
			sourceTree = "<group>";
		};
		83E7F2591AE834EE002993C3 /* Supporting Files */ = {
			isa = PBXGroup;
			children = (
				83E7F25A1AE834EE002993C3 /* Info.plist */,
			);
			name = "Supporting Files";
			sourceTree = "<group>";
		};
		83E7F2711AE834EE002993C3 /* FirstAutoLayoutTests */ = {
			isa = PBXGroup;
			children = (
				83E7F2741AE834EE002993C3 /* FirstAutoLayoutTests.swift */,
				83E7F2721AE834EE002993C3 /* Supporting Files */,
			);
			path = FirstAutoLayoutTests;
			sourceTree = "<group>";
		};
		83E7F2721AE834EE002993C3 /* Supporting Files */ = {
			isa = PBXGroup;
			children = (
				83E7F2731AE834EE002993C3 /* Info.plist */,
			);
			name = "Supporting Files";
			sourceTree = "<group>";
		};
/* End PBXGroup section */

/* Begin PBXNativeTarget section */
		83E7F2551AE834EE002993C3 /* FirstAutoLayout */ = {
			isa = PBXNativeTarget;
			buildConfigurationList = 83E7F2781AE834EE002993C3 /* Build configuration list for PBXNativeTarget "FirstAutoLayout" */;
			buildPhases = (
				83E7F2521AE834EE002993C3 /* Sources */,
				83E7F2531AE834EE002993C3 /* Frameworks */,
				83E7F2541AE834EE002993C3 /* Resources */,
			);
			buildRules = (
			);
			dependencies = (
			);
			name = FirstAutoLayout;
			productName = FirstAutoLayout;
			productReference = 83E7F2561AE834EE002993C3 /* FirstAutoLayout.app */;
			productType = "com.apple.product-type.application";
		};
		83E7F26D1AE834EE002993C3 /* FirstAutoLayoutTests */ = {
			isa = PBXNativeTarget;
			buildConfigurationList = 83E7F27B1AE834EE002993C3 /* Build configuration list for PBXNativeTarget "FirstAutoLayoutTests" */;
			buildPhases = (
				83E7F26A1AE834EE002993C3 /* Sources */,
				83E7F26B1AE834EE002993C3 /* Frameworks */,
				83E7F26C1AE834EE002993C3 /* Resources */,
			);
			buildRules = (
			);
			dependencies = (
				83E7F2701AE834EE002993C3 /* PBXTargetDependency */,
			);
			name = FirstAutoLayoutTests;
			productName = FirstAutoLayoutTests;
			productReference = 83E7F26E1AE834EE002993C3 /* FirstAutoLayoutTests.xctest */;
			productType = "com.apple.product-type.bundle.unit-test";
		};
/* End PBXNativeTarget section */

/* Begin PBXProject section */
		83E7F24E1AE834EE002993C3 /* Project object */ = {
			isa = PBXProject;
			attributes = {
				LastUpgradeCheck = 0630;
				ORGANIZATIONNAME = "Portia Dean";
				TargetAttributes = {
					83E7F2551AE834EE002993C3 = {
						CreatedOnToolsVersion = 6.3;
					};
					83E7F26D1AE834EE002993C3 = {
						CreatedOnToolsVersion = 6.3;
						TestTargetID = 83E7F2551AE834EE002993C3;
					};
				};
			};
			buildConfigurationList = 83E7F2511AE834EE002993C3 /* Build configuration list for PBXProject "FirstAutoLayout" */;
			compatibilityVersion = "Xcode 3.2";
			developmentRegion = English;
			hasScannedForEncodings = 0;
			knownRegions = (
				en,
				Base,
			);
			mainGroup = 83E7F24D1AE834EE002993C3;
			productRefGroup = 83E7F2571AE834EE002993C3 /* Products */;
			projectDirPath = "";
			projectRoot = "";
			targets = (
				83E7F2551AE834EE002993C3 /* FirstAutoLayout */,
				83E7F26D1AE834EE002993C3 /* FirstAutoLayoutTests */,
			);
		};
/* End PBXProject section */

/* Begin PBXResourcesBuildPhase section */
		83E7F2541AE834EE002993C3 /* Resources */ = {
			isa = PBXResourcesBuildPhase;
			buildActionMask = 2147483647;
			files = (
				83E7F2641AE834EE002993C3 /* Main.storyboard in Resources */,
				83E7F2691AE834EE002993C3 /* LaunchScreen.xib in Resources */,
				83E7F2661AE834EE002993C3 /* Images.xcassets in Resources */,
			);
			runOnlyForDeploymentPostprocessing = 0;
		};
		83E7F26C1AE834EE002993C3 /* Resources */ = {
			isa = PBXResourcesBuildPhase;
			buildActionMask = 2147483647;
			files = (
			);
			runOnlyForDeploymentPostprocessing = 0;
		};
/* End PBXResourcesBuildPhase section */

/* Begin PBXSourcesBuildPhase section */
		83E7F2521AE834EE002993C3 /* Sources */ = {
			isa = PBXSourcesBuildPhase;
			buildActionMask = 2147483647;
			files = (
				83E7F2611AE834EE002993C3 /* ViewController.swift in Sources */,
				83E7F25C1AE834EE002993C3 /* AppDelegate.swift in Sources */,
				83E7F25F1AE834EE002993C3 /* FirstAutoLayout.xcdatamodeld in Sources */,
			);
			runOnlyForDeploymentPostprocessing = 0;
		};
		83E7F26A1AE834EE002993C3 /* Sources */ = {
			isa = PBXSourcesBuildPhase;
			buildActionMask = 2147483647;
			files = (
				83E7F2751AE834EE002993C3 /* FirstAutoLayoutTests.swift in Sources */,
			);
			runOnlyForDeploymentPostprocessing = 0;
		};
/* End PBXSourcesBuildPhase section */

/* Begin PBXTargetDependency section */
		83E7F2701AE834EE002993C3 /* PBXTargetDependency */ = {
			isa = PBXTargetDependency;
			target = 83E7F2551AE834EE002993C3 /* FirstAutoLayout */;
			targetProxy = 83E7F26F1AE834EE002993C3 /* PBXContainerItemProxy */;
		};
/* End PBXTargetDependency section */

/* Begin PBXVariantGroup section */
		83E7F2621AE834EE002993C3 /* Main.storyboard */ = {
			isa = PBXVariantGroup;
			children = (
				83E7F2631AE834EE002993C3 /* Base */,
			);
			name = Main.storyboard;
			sourceTree = "<group>";
		};
		83E7F2671AE834EE002993C3 /* LaunchScreen.xib */ = {
			isa = PBXVariantGroup;
			children = (
				83E7F2681AE834EE002993C3 /* Base */,
			);
			name = LaunchScreen.xib;
			sourceTree = "<group>";
		};
/* End PBXVariantGroup section */

/* Begin XCBuildConfiguration section */
		83E7F2761AE834EE002993C3 /* Debug */ = {
			isa = XCBuildConfiguration;
			buildSettings = {
				ALWAYS_SEARCH_USER_PATHS = NO;
				CLANG_CXX_LANGUAGE_STANDARD = "gnu++0x";
				CLANG_CXX_LIBRARY = "libc++";
				CLANG_ENABLE_MODULES = YES;
				CLANG_ENABLE_OBJC_ARC = YES;
				CLANG_WARN_BOOL_CONVERSION = YES;
				CLANG_WARN_CONSTANT_CONVERSION = YES;
				CLANG_WARN_DIRECT_OBJC_ISA_USAGE = YES_ERROR;
				CLANG_WARN_EMPTY_BODY = YES;
				CLANG_WARN_ENUM_CONVERSION = YES;
				CLANG_WARN_INT_CONVERSION = YES;
				CLANG_WARN_OBJC_ROOT_CLASS = YES_ERROR;
				CLANG_WARN_UNREACHABLE_CODE = YES;
				CLANG_WARN__DUPLICATE_METHOD_MATCH = YES;
				"CODE_SIGN_IDENTITY[sdk=iphoneos*]" = "iPhone Developer";
				COPY_PHASE_STRIP = NO;
				DEBUG_INFORMATION_FORMAT = "dwarf-with-dsym";
				ENABLE_STRICT_OBJC_MSGSEND = YES;
				GCC_C_LANGUAGE_STANDARD = gnu99;
				GCC_DYNAMIC_NO_PIC = NO;
				GCC_NO_COMMON_BLOCKS = YES;
				GCC_OPTIMIZATION_LEVEL = 0;
				GCC_PREPROCESSOR_DEFINITIONS = (
					"DEBUG=1",
					"$(inherited)",
				);
				GCC_SYMBOLS_PRIVATE_EXTERN = NO;
				GCC_WARN_64_TO_32_BIT_CONVERSION = YES;
				GCC_WARN_ABOUT_RETURN_TYPE = YES_ERROR;
				GCC_WARN_UNDECLARED_SELECTOR = YES;
				GCC_WARN_UNINITIALIZED_AUTOS = YES_AGGRESSIVE;
				GCC_WARN_UNUSED_FUNCTION = YES;
				GCC_WARN_UNUSED_VARIABLE = YES;
				IPHONEOS_DEPLOYMENT_TARGET = 8.3;
				MTL_ENABLE_DEBUG_INFO = YES;
				ONLY_ACTIVE_ARCH = YES;
				SDKROOT = iphoneos;
				SWIFT_OPTIMIZATION_LEVEL = "-Onone";
				TARGETED_DEVICE_FAMILY = "1,2";
			};
			name = Debug;
		};
		83E7F2771AE834EE002993C3 /* Release */ = {
			isa = XCBuildConfiguration;
			buildSettings = {
				ALWAYS_SEARCH_USER_PATHS = NO;
				CLANG_CXX_LANGUAGE_STANDARD = "gnu++0x";
				CLANG_CXX_LIBRARY = "libc++";
				CLANG_ENABLE_MODULES = YES;
				CLANG_ENABLE_OBJC_ARC = YES;
				CLANG_WARN_BOOL_CONVERSION = YES;
				CLANG_WARN_CONSTANT_CONVERSION = YES;
				CLANG_WARN_DIRECT_OBJC_ISA_USAGE = YES_ERROR;
				CLANG_WARN_EMPTY_BODY = YES;
				CLANG_WARN_ENUM_CONVERSION = YES;
				CLANG_WARN_INT_CONVERSION = YES;
				CLANG_WARN_OBJC_ROOT_CLASS = YES_ERROR;
				CLANG_WARN_UNREACHABLE_CODE = YES;
				CLANG_WARN__DUPLICATE_METHOD_MATCH = YES;
				"CODE_SIGN_IDENTITY[sdk=iphoneos*]" = "iPhone Developer";
				COPY_PHASE_STRIP = NO;
				DEBUG_INFORMATION_FORMAT = "dwarf-with-dsym";
				ENABLE_NS_ASSERTIONS = NO;
				ENABLE_STRICT_OBJC_MSGSEND = YES;
				GCC_C_LANGUAGE_STANDARD = gnu99;
				GCC_NO_COMMON_BLOCKS = YES;
				GCC_WARN_64_TO_32_BIT_CONVERSION = YES;
				GCC_WARN_ABOUT_RETURN_TYPE = YES_ERROR;
				GCC_WARN_UNDECLARED_SELECTOR = YES;
				GCC_WARN_UNINITIALIZED_AUTOS = YES_AGGRESSIVE;
				GCC_WARN_UNUSED_FUNCTION = YES;
				GCC_WARN_UNUSED_VARIABLE = YES;
				IPHONEOS_DEPLOYMENT_TARGET = 8.3;
				MTL_ENABLE_DEBUG_INFO = NO;
				SDKROOT = iphoneos;
				TARGETED_DEVICE_FAMILY = "1,2";
				VALIDATE_PRODUCT = YES;
			};
			name = Release;
		};
		83E7F2791AE834EE002993C3 /* Debug */ = {
			isa = XCBuildConfiguration;
			buildSettings = {
				ASSETCATALOG_COMPILER_APPICON_NAME = AppIcon;
				INFOPLIST_FILE = FirstAutoLayout/Info.plist;
				LD_RUNPATH_SEARCH_PATHS = "$(inherited) @executable_path/Frameworks";
				PRODUCT_NAME = "$(TARGET_NAME)";
			};
			name = Debug;
		};
		83E7F27A1AE834EE002993C3 /* Release */ = {
			isa = XCBuildConfiguration;
			buildSettings = {
				ASSETCATALOG_COMPILER_APPICON_NAME = AppIcon;
				INFOPLIST_FILE = FirstAutoLayout/Info.plist;
				LD_RUNPATH_SEARCH_PATHS = "$(inherited) @executable_path/Frameworks";
				PRODUCT_NAME = "$(TARGET_NAME)";
			};
			name = Release;
		};
		83E7F27C1AE834EE002993C3 /* Debug */ = {
			isa = XCBuildConfiguration;
			buildSettings = {
				BUNDLE_LOADER = "$(TEST_HOST)";
				FRAMEWORK_SEARCH_PATHS = (
					"$(SDKROOT)/Developer/Library/Frameworks",
					"$(inherited)",
				);
				GCC_PREPROCESSOR_DEFINITIONS = (
					"DEBUG=1",
					"$(inherited)",
				);
				INFOPLIST_FILE = FirstAutoLayoutTests/Info.plist;
				LD_RUNPATH_SEARCH_PATHS = "$(inherited) @executable_path/Frameworks @loader_path/Frameworks";
				PRODUCT_NAME = "$(TARGET_NAME)";
				TEST_HOST = "$(BUILT_PRODUCTS_DIR)/FirstAutoLayout.app/FirstAutoLayout";
			};
			name = Debug;
		};
		83E7F27D1AE834EE002993C3 /* Release */ = {
			isa = XCBuildConfiguration;
			buildSettings = {
				BUNDLE_LOADER = "$(TEST_HOST)";
				FRAMEWORK_SEARCH_PATHS = (
					"$(SDKROOT)/Developer/Library/Frameworks",
					"$(inherited)",
				);
				INFOPLIST_FILE = FirstAutoLayoutTests/Info.plist;
				LD_RUNPATH_SEARCH_PATHS = "$(inherited) @executable_path/Frameworks @loader_path/Frameworks";
				PRODUCT_NAME = "$(TARGET_NAME)";
				TEST_HOST = "$(BUILT_PRODUCTS_DIR)/FirstAutoLayout.app/FirstAutoLayout";
			};
			name = Release;
		};
/* End XCBuildConfiguration section */

/* Begin XCConfigurationList section */
		83E7F2511AE834EE002993C3 /* Build configuration list for PBXProject "FirstAutoLayout" */ = {
			isa = XCConfigurationList;
			buildConfigurations = (
				83E7F2761AE834EE002993C3 /* Debug */,
				83E7F2771AE834EE002993C3 /* Release */,
			);
			defaultConfigurationIsVisible = 0;
			defaultConfigurationName = Release;
		};
		83E7F2781AE834EE002993C3 /* Build configuration list for PBXNativeTarget "FirstAutoLayout" */ = {
			isa = XCConfigurationList;
			buildConfigurations = (
				83E7F2791AE834EE002993C3 /* Debug */,
				83E7F27A1AE834EE002993C3 /* Release */,
			);
			defaultConfigurationIsVisible = 0;
		};
		83E7F27B1AE834EE002993C3 /* Build configuration list for PBXNativeTarget "FirstAutoLayoutTests" */ = {
			isa = XCConfigurationList;
			buildConfigurations = (
				83E7F27C1AE834EE002993C3 /* Debug */,
				83E7F27D1AE834EE002993C3 /* Release */,
			);
			defaultConfigurationIsVisible = 0;
		};
/* End XCConfigurationList section */

/* Begin XCVersionGroup section */
		83E7F25D1AE834EE002993C3 /* FirstAutoLayout.xcdatamodeld */ = {
			isa = XCVersionGroup;
			children = (
				83E7F25E1AE834EE002993C3 /* FirstAutoLayout.xcdatamodel */,
			);
			currentVersion = 83E7F25E1AE834EE002993C3 /* FirstAutoLayout.xcdatamodel */;
			path = FirstAutoLayout.xcdatamodeld;
			sourceTree = "<group>";
			versionGroupType = wrapper.xcdatamodel;
		};
/* End XCVersionGroup section */
	};
	rootObject = 83E7F24E1AE834EE002993C3 /* Project object */;
}
